// !$*UTF8*$!
{
	archiveVersion = 1;
	classes = {
	};
	objectVersion = 46;
	objects = {

/* Begin PBXBuildFile section */
		ABB20EBB155CF6F20076B496 /* UIKit.framework in Frameworks */ = {isa = PBXBuildFile; fileRef = ABB20EBA155CF6F20076B496 /* UIKit.framework */; };
		ABB20EBD155CF6F20076B496 /* Foundation.framework in Frameworks */ = {isa = PBXBuildFile; fileRef = ABB20EBC155CF6F20076B496 /* Foundation.framework */; };
		ABB20EBF155CF6F20076B496 /* CoreGraphics.framework in Frameworks */ = {isa = PBXBuildFile; fileRef = ABB20EBE155CF6F20076B496 /* CoreGraphics.framework */; };
		ABB20EC5155CF6F20076B496 /* InfoPlist.strings in Resources */ = {isa = PBXBuildFile; fileRef = ABB20EC3155CF6F20076B496 /* InfoPlist.strings */; };
		ABB20EC7155CF6F20076B496 /* main.m in Sources */ = {isa = PBXBuildFile; fileRef = ABB20EC6155CF6F20076B496 /* main.m */; };
		ABB20ECB155CF6F20076B496 /* AppDelegate.m in Sources */ = {isa = PBXBuildFile; fileRef = ABB20ECA155CF6F20076B496 /* AppDelegate.m */; };
		ABB20ED0155CF6F20076B496 /* first.png in Resources */ = {isa = PBXBuildFile; fileRef = ABB20ECF155CF6F20076B496 /* first.png */; };
		ABB20ED2155CF6F20076B496 /* first@2x.png in Resources */ = {isa = PBXBuildFile; fileRef = ABB20ED1155CF6F20076B496 /* first@2x.png */; };
		ABB20ED7155CF6F20076B496 /* second.png in Resources */ = {isa = PBXBuildFile; fileRef = ABB20ED6155CF6F20076B496 /* second.png */; };
		ABB20ED9155CF6F20076B496 /* second@2x.png in Resources */ = {isa = PBXBuildFile; fileRef = ABB20ED8155CF6F20076B496 /* second@2x.png */; };
		ABB20EF5155CF7720076B496 /* PullToRefreshDemoViewController.m in Sources */ = {isa = PBXBuildFile; fileRef = ABB20EF0155CF7720076B496 /* PullToRefreshDemoViewController.m */; };
		ABB20EF6155CF7720076B496 /* PullToRefreshDemoViewController.xib in Resources */ = {isa = PBXBuildFile; fileRef = ABB20EF1155CF7720076B496 /* PullToRefreshDemoViewController.xib */; };
		ABB20EF8155CF7720076B496 /* NewPullToRefreshTableDemoViewController.xib in Resources */ = {isa = PBXBuildFile; fileRef = ABB20EF4155CF7720076B496 /* NewPullToRefreshTableDemoViewController.xib */; };
		ABB20F00155CF7A70076B496 /* PullToRefreshScrollerView.m in Sources */ = {isa = PBXBuildFile; fileRef = ABB20EFB155CF7A60076B496 /* PullToRefreshScrollerView.m */; };
		ABB20F01155CF7A70076B496 /* PullToRefreshTableView.m in Sources */ = {isa = PBXBuildFile; fileRef = ABB20EFD155CF7A60076B496 /* PullToRefreshTableView.m */; };
		ABB20F03155CF7AB0076B496 /* pullToRefreshArrow.png in Resources */ = {isa = PBXBuildFile; fileRef = ABB20F02155CF7AA0076B496 /* pullToRefreshArrow.png */; };
		ABB20F09155CF8970076B496 /* QuartzCore.framework in Frameworks */ = {isa = PBXBuildFile; fileRef = ABB20F08155CF8970076B496 /* QuartzCore.framework */; };
		ABB20F10155CFA230076B496 /* NewPullToRefreshTableDemoViewController.m in Sources */ = {isa = PBXBuildFile; fileRef = ABB20F0F155CFA230076B496 /* NewPullToRefreshTableDemoViewController.m */; };
		ABB20F18155CFEED0076B496 /* Localized.strings in Resources */ = {isa = PBXBuildFile; fileRef = ABB20F1A155CFEED0076B496 /* Localized.strings */; };
/* End PBXBuildFile section */

/* Begin PBXFileReference section */
		ABB20EB6155CF6F20076B496 /* PullToRefresh.app */ = {isa = PBXFileReference; explicitFileType = wrapper.application; includeInIndex = 0; path = PullToRefresh.app; sourceTree = BUILT_PRODUCTS_DIR; };
		ABB20EBA155CF6F20076B496 /* UIKit.framework */ = {isa = PBXFileReference; lastKnownFileType = wrapper.framework; name = UIKit.framework; path = System/Library/Frameworks/UIKit.framework; sourceTree = SDKROOT; };
		ABB20EBC155CF6F20076B496 /* Foundation.framework */ = {isa = PBXFileReference; lastKnownFileType = wrapper.framework; name = Foundation.framework; path = System/Library/Frameworks/Foundation.framework; sourceTree = SDKROOT; };
		ABB20EBE155CF6F20076B496 /* CoreGraphics.framework */ = {isa = PBXFileReference; lastKnownFileType = wrapper.framework; name = CoreGraphics.framework; path = System/Library/Frameworks/CoreGraphics.framework; sourceTree = SDKROOT; };
		ABB20EC2155CF6F20076B496 /* PullToRefresh-Info.plist */ = {isa = PBXFileReference; lastKnownFileType = text.plist.xml; path = "PullToRefresh-Info.plist"; sourceTree = "<group>"; };
		ABB20EC4155CF6F20076B496 /* en */ = {isa = PBXFileReference; lastKnownFileType = text.plist.strings; name = en; path = en.lproj/InfoPlist.strings; sourceTree = "<group>"; };
		ABB20EC6155CF6F20076B496 /* main.m */ = {isa = PBXFileReference; lastKnownFileType = sourcecode.c.objc; path = main.m; sourceTree = "<group>"; };
		ABB20EC8155CF6F20076B496 /* PullToRefresh-Prefix.pch */ = {isa = PBXFileReference; lastKnownFileType = sourcecode.c.h; path = "PullToRefresh-Prefix.pch"; sourceTree = "<group>"; };
		ABB20EC9155CF6F20076B496 /* AppDelegate.h */ = {isa = PBXFileReference; lastKnownFileType = sourcecode.c.h; path = AppDelegate.h; sourceTree = "<group>"; };
		ABB20ECA155CF6F20076B496 /* AppDelegate.m */ = {isa = PBXFileReference; lastKnownFileType = sourcecode.c.objc; path = AppDelegate.m; sourceTree = "<group>"; };
		ABB20ECF155CF6F20076B496 /* first.png */ = {isa = PBXFileReference; lastKnownFileType = image.png; path = first.png; sourceTree = "<group>"; };
		ABB20ED1155CF6F20076B496 /* first@2x.png */ = {isa = PBXFileReference; lastKnownFileType = image.png; path = "first@2x.png"; sourceTree = "<group>"; };
		ABB20ED6155CF6F20076B496 /* second.png */ = {isa = PBXFileReference; lastKnownFileType = image.png; path = second.png; sourceTree = "<group>"; };
		ABB20ED8155CF6F20076B496 /* second@2x.png */ = {isa = PBXFileReference; lastKnownFileType = image.png; path = "second@2x.png"; sourceTree = "<group>"; };
		ABB20EEF155CF7720076B496 /* PullToRefreshDemoViewController.h */ = {isa = PBXFileReference; fileEncoding = 4; lastKnownFileType = sourcecode.c.h; path = PullToRefreshDemoViewController.h; sourceTree = "<group>"; };
		ABB20EF0155CF7720076B496 /* PullToRefreshDemoViewController.m */ = {isa = PBXFileReference; fileEncoding = 4; lastKnownFileType = sourcecode.c.objc; path = PullToRefreshDemoViewController.m; sourceTree = "<group>"; };
		ABB20EF1155CF7720076B496 /* PullToRefreshDemoViewController.xib */ = {isa = PBXFileReference; fileEncoding = 4; lastKnownFileType = file.xib; path = PullToRefreshDemoViewController.xib; sourceTree = "<group>"; };
		ABB20EF2155CF7720076B496 /* NewPullToRefreshTableDemoViewController.h */ = {isa = PBXFileReference; fileEncoding = 4; lastKnownFileType = sourcecode.c.h; path = NewPullToRefreshTableDemoViewController.h; sourceTree = "<group>"; };
		ABB20EF4155CF7720076B496 /* NewPullToRefreshTableDemoViewController.xib */ = {isa = PBXFileReference; fileEncoding = 4; lastKnownFileType = file.xib; path = NewPullToRefreshTableDemoViewController.xib; sourceTree = "<group>"; };
		ABB20EFA155CF7A60076B496 /* PullToRefreshScrollerView.h */ = {isa = PBXFileReference; fileEncoding = 4; lastKnownFileType = sourcecode.c.h; path = PullToRefreshScrollerView.h; sourceTree = "<group>"; };
		ABB20EFB155CF7A60076B496 /* PullToRefreshScrollerView.m */ = {isa = PBXFileReference; fileEncoding = 4; lastKnownFileType = sourcecode.c.objc; path = PullToRefreshScrollerView.m; sourceTree = "<group>"; };
		ABB20EFC155CF7A60076B496 /* PullToRefreshTableView.h */ = {isa = PBXFileReference; fileEncoding = 4; lastKnownFileType = sourcecode.c.h; path = PullToRefreshTableView.h; sourceTree = "<group>"; };
		ABB20EFD155CF7A60076B496 /* PullToRefreshTableView.m */ = {isa = PBXFileReference; fileEncoding = 4; lastKnownFileType = sourcecode.c.objc; path = PullToRefreshTableView.m; sourceTree = "<group>"; };
		ABB20EFE155CF7A60076B496 /* PullToRefresh.h */ = {isa = PBXFileReference; fileEncoding = 4; lastKnownFileType = sourcecode.c.h; path = PullToRefresh.h; sourceTree = "<group>"; };
		ABB20EFF155CF7A70076B496 /* PullToRefresh-Private.h */ = {isa = PBXFileReference; fileEncoding = 4; lastKnownFileType = sourcecode.c.h; path = "PullToRefresh-Private.h"; sourceTree = "<group>"; };
		ABB20F02155CF7AA0076B496 /* pullToRefreshArrow.png */ = {isa = PBXFileReference; lastKnownFileType = image.png; path = pullToRefreshArrow.png; sourceTree = "<group>"; };
		ABB20F08155CF8970076B496 /* QuartzCore.framework */ = {isa = PBXFileReference; lastKnownFileType = wrapper.framework; name = QuartzCore.framework; path = System/Library/Frameworks/QuartzCore.framework; sourceTree = SDKROOT; };
		ABB20F0F155CFA230076B496 /* NewPullToRefreshTableDemoViewController.m */ = {isa = PBXFileReference; fileEncoding = 4; lastKnownFileType = sourcecode.c.objc; path = NewPullToRefreshTableDemoViewController.m; sourceTree = "<group>"; };
		ABB20F19155CFEED0076B496 /* en */ = {isa = PBXFileReference; lastKnownFileType = text.plist.strings; name = en; path = en.lproj/Localized.strings; sourceTree = "<group>"; };
		ABB20F1B155CFEF40076B496 /* zh-Hant */ = {isa = PBXFileReference; lastKnownFileType = text.plist.strings; name = "zh-Hant"; path = "zh-Hant.lproj/Localized.strings"; sourceTree = "<group>"; };
/* End PBXFileReference section */

/* Begin PBXFrameworksBuildPhase section */
		ABB20EB3155CF6F20076B496 /* Frameworks */ = {
			isa = PBXFrameworksBuildPhase;
			buildActionMask = 2147483647;
			files = (
				ABB20F09155CF8970076B496 /* QuartzCore.framework in Frameworks */,
				ABB20EBB155CF6F20076B496 /* UIKit.framework in Frameworks */,
				ABB20EBD155CF6F20076B496 /* Foundation.framework in Frameworks */,
				ABB20EBF155CF6F20076B496 /* CoreGraphics.framework in Frameworks */,
			);
			runOnlyForDeploymentPostprocessing = 0;
		};
/* End PBXFrameworksBuildPhase section */

/* Begin PBXGroup section */
		ABB20EAB155CF6F20076B496 = {
			isa = PBXGroup;
			children = (
				ABB20EC0155CF6F20076B496 /* PullToRefresh */,
				ABB20EB9155CF6F20076B496 /* Frameworks */,
				ABB20EB7155CF6F20076B496 /* Products */,
			);
			sourceTree = "<group>";
		};
		ABB20EB7155CF6F20076B496 /* Products */ = {
			isa = PBXGroup;
			children = (
				ABB20EB6155CF6F20076B496 /* PullToRefresh.app */,
			);
			name = Products;
			sourceTree = "<group>";
		};
		ABB20EB9155CF6F20076B496 /* Frameworks */ = {
			isa = PBXGroup;
			children = (
				ABB20F08155CF8970076B496 /* QuartzCore.framework */,
				ABB20EBA155CF6F20076B496 /* UIKit.framework */,
				ABB20EBC155CF6F20076B496 /* Foundation.framework */,
				ABB20EBE155CF6F20076B496 /* CoreGraphics.framework */,
			);
			name = Frameworks;
			sourceTree = "<group>";
		};
		ABB20EC0155CF6F20076B496 /* PullToRefresh */ = {
			isa = PBXGroup;
			children = (
				ABB20F04155CF80D0076B496 /* PullToRefreshClass */,
				ABB20F06155CF8310076B496 /* Graphic */,
				ABB20F07155CF83B0076B496 /* Demo */,
				ABB20EC9155CF6F20076B496 /* AppDelegate.h */,
				ABB20ECA155CF6F20076B496 /* AppDelegate.m */,
				ABB20ECF155CF6F20076B496 /* first.png */,
				ABB20ED1155CF6F20076B496 /* first@2x.png */,
				ABB20ED6155CF6F20076B496 /* second.png */,
				ABB20ED8155CF6F20076B496 /* second@2x.png */,
				ABB20EC1155CF6F20076B496 /* Supporting Files */,
			);
			path = PullToRefresh;
			sourceTree = "<group>";
		};
		ABB20EC1155CF6F20076B496 /* Supporting Files */ = {
			isa = PBXGroup;
			children = (
				ABB20EC2155CF6F20076B496 /* PullToRefresh-Info.plist */,
				ABB20EC3155CF6F20076B496 /* InfoPlist.strings */,
				ABB20F1A155CFEED0076B496 /* Localized.strings */,
				ABB20EC6155CF6F20076B496 /* main.m */,
				ABB20EC8155CF6F20076B496 /* PullToRefresh-Prefix.pch */,
			);
			name = "Supporting Files";
			sourceTree = "<group>";
		};
		ABB20F04155CF80D0076B496 /* PullToRefreshClass */ = {
			isa = PBXGroup;
			children = (
				ABB20F05155CF8280076B496 /* Protocol */,
				ABB20EFA155CF7A60076B496 /* PullToRefreshScrollerView.h */,
				ABB20EFB155CF7A60076B496 /* PullToRefreshScrollerView.m */,
				ABB20EFC155CF7A60076B496 /* PullToRefreshTableView.h */,
				ABB20EFD155CF7A60076B496 /* PullToRefreshTableView.m */,
			);
			name = PullToRefreshClass;
			sourceTree = "<group>";
		};
		ABB20F05155CF8280076B496 /* Protocol */ = {
			isa = PBXGroup;
			children = (
				ABB20EFE155CF7A60076B496 /* PullToRefresh.h */,
				ABB20EFF155CF7A70076B496 /* PullToRefresh-Private.h */,
			);
			name = Protocol;
			sourceTree = "<group>";
		};
		ABB20F06155CF8310076B496 /* Graphic */ = {
			isa = PBXGroup;
			children = (
				ABB20F02155CF7AA0076B496 /* pullToRefreshArrow.png */,
			);
			name = Graphic;
			sourceTree = "<group>";
		};
		ABB20F07155CF83B0076B496 /* Demo */ = {
			isa = PBXGroup;
			children = (
				ABB20EEF155CF7720076B496 /* PullToRefreshDemoViewController.h */,
				ABB20EF0155CF7720076B496 /* PullToRefreshDemoViewController.m */,
				ABB20EF1155CF7720076B496 /* PullToRefreshDemoViewController.xib */,
				ABB20EF2155CF7720076B496 /* NewPullToRefreshTableDemoViewController.h */,
				ABB20F0F155CFA230076B496 /* NewPullToRefreshTableDemoViewController.m */,
				ABB20EF4155CF7720076B496 /* NewPullToRefreshTableDemoViewController.xib */,
			);
			name = Demo;
			sourceTree = "<group>";
		};
/* End PBXGroup section */

/* Begin PBXNativeTarget section */
		ABB20EB5155CF6F20076B496 /* PullToRefresh */ = {
			isa = PBXNativeTarget;
			buildConfigurationList = ABB20EE8155CF6F20076B496 /* Build configuration list for PBXNativeTarget "PullToRefresh" */;
			buildPhases = (
				ABB20EB2155CF6F20076B496 /* Sources */,
				ABB20EB3155CF6F20076B496 /* Frameworks */,
				ABB20EB4155CF6F20076B496 /* Resources */,
			);
			buildRules = (
			);
			dependencies = (
			);
			name = PullToRefresh;
			productName = PullToRefresh;
			productReference = ABB20EB6155CF6F20076B496 /* PullToRefresh.app */;
			productType = "com.apple.product-type.application";
		};
/* End PBXNativeTarget section */

/* Begin PBXProject section */
		ABB20EAD155CF6F20076B496 /* Project object */ = {
			isa = PBXProject;
			attributes = {
				LastUpgradeCheck = 0430;
			};
			buildConfigurationList = ABB20EB0155CF6F20076B496 /* Build configuration list for PBXProject "PullToRefresh" */;
			compatibilityVersion = "Xcode 3.2";
			developmentRegion = English;
			hasScannedForEncodings = 0;
			knownRegions = (
				en,
				"zh-Hant",
			);
			mainGroup = ABB20EAB155CF6F20076B496;
			productRefGroup = ABB20EB7155CF6F20076B496 /* Products */;
			projectDirPath = "";
			projectRoot = "";
			targets = (
				ABB20EB5155CF6F20076B496 /* PullToRefresh */,
			);
		};
/* End PBXProject section */

/* Begin PBXResourcesBuildPhase section */
		ABB20EB4155CF6F20076B496 /* Resources */ = {
			isa = PBXResourcesBuildPhase;
			buildActionMask = 2147483647;
			files = (
				ABB20EC5155CF6F20076B496 /* InfoPlist.strings in Resources */,
				ABB20ED0155CF6F20076B496 /* first.png in Resources */,
				ABB20ED2155CF6F20076B496 /* first@2x.png in Resources */,
				ABB20ED7155CF6F20076B496 /* second.png in Resources */,
				ABB20ED9155CF6F20076B496 /* second@2x.png in Resources */,
				ABB20EF6155CF7720076B496 /* PullToRefreshDemoViewController.xib in Resources */,
				ABB20EF8155CF7720076B496 /* NewPullToRefreshTableDemoViewController.xib in Resources */,
				ABB20F03155CF7AB0076B496 /* pullToRefreshArrow.png in Resources */,
				ABB20F18155CFEED0076B496 /* Localized.strings in Resources */,
			);
			runOnlyForDeploymentPostprocessing = 0;
		};
/* End PBXResourcesBuildPhase section */

/* Begin PBXSourcesBuildPhase section */
		ABB20EB2155CF6F20076B496 /* Sources */ = {
			isa = PBXSourcesBuildPhase;
			buildActionMask = 2147483647;
			files = (
				ABB20EC7155CF6F20076B496 /* main.m in Sources */,
				ABB20ECB155CF6F20076B496 /* AppDelegate.m in Sources */,
				ABB20EF5155CF7720076B496 /* PullToRefreshDemoViewController.m in Sources */,
				ABB20F00155CF7A70076B496 /* PullToRefreshScrollerView.m in Sources */,
				ABB20F01155CF7A70076B496 /* PullToRefreshTableView.m in Sources */,
				ABB20F10155CFA230076B496 /* NewPullToRefreshTableDemoViewController.m in Sources */,
			);
			runOnlyForDeploymentPostprocessing = 0;
		};
/* End PBXSourcesBuildPhase section */

/* Begin PBXVariantGroup section */
		ABB20EC3155CF6F20076B496 /* InfoPlist.strings */ = {
			isa = PBXVariantGroup;
			children = (
				ABB20EC4155CF6F20076B496 /* en */,
			);
			name = InfoPlist.strings;
			sourceTree = "<group>";
		};
		ABB20F1A155CFEED0076B496 /* Localized.strings */ = {
			isa = PBXVariantGroup;
			children = (
				ABB20F19155CFEED0076B496 /* en */,
				ABB20F1B155CFEF40076B496 /* zh-Hant */,
			);
			name = Localized.strings;
			sourceTree = "<group>";
		};
/* End PBXVariantGroup section */

/* Begin XCBuildConfiguration section */
		ABB20EE6155CF6F20076B496 /* Debug */ = {
			isa = XCBuildConfiguration;
			buildSettings = {
				ALWAYS_SEARCH_USER_PATHS = NO;
				ARCHS = "$(ARCHS_STANDARD_32_BIT)";
				"CODE_SIGN_IDENTITY[sdk=iphoneos*]" = "iPhone Developer";
				COPY_PHASE_STRIP = NO;
				GCC_C_LANGUAGE_STANDARD = gnu99;
				GCC_DYNAMIC_NO_PIC = NO;
				GCC_OPTIMIZATION_LEVEL = 0;
				GCC_PREPROCESSOR_DEFINITIONS = (
					"DEBUG=1",
					"$(inherited)",
				);
				GCC_SYMBOLS_PRIVATE_EXTERN = NO;
				GCC_VERSION = com.apple.compilers.llvm.clang.1_0;
				GCC_WARN_ABOUT_RETURN_TYPE = YES;
				GCC_WARN_UNINITIALIZED_AUTOS = YES;
				GCC_WARN_UNUSED_VARIABLE = YES;
				IPHONEOS_DEPLOYMENT_TARGET = 5.1;
				SDKROOT = iphoneos;
				TARGETED_DEVICE_FAMILY = "1,2";
			};
			name = Debug;
		};
		ABB20EE7155CF6F20076B496 /* Release */ = {
			isa = XCBuildConfiguration;
			buildSettings = {
				ALWAYS_SEARCH_USER_PATHS = NO;
				ARCHS = "$(ARCHS_STANDARD_32_BIT)";
				"CODE_SIGN_IDENTITY[sdk=iphoneos*]" = "iPhone Developer";
				COPY_PHASE_STRIP = YES;
				GCC_C_LANGUAGE_STANDARD = gnu99;
				GCC_VERSION = com.apple.compilers.llvm.clang.1_0;
				GCC_WARN_ABOUT_RETURN_TYPE = YES;
				GCC_WARN_UNINITIALIZED_AUTOS = YES;
				GCC_WARN_UNUSED_VARIABLE = YES;
				IPHONEOS_DEPLOYMENT_TARGET = 5.1;
				OTHER_CFLAGS = "-DNS_BLOCK_ASSERTIONS=1";
				SDKROOT = iphoneos;
				TARGETED_DEVICE_FAMILY = "1,2";
				VALIDATE_PRODUCT = YES;
			};
			name = Release;
		};
		ABB20EE9155CF6F20076B496 /* Debug */ = {
			isa = XCBuildConfiguration;
			buildSettings = {
				GCC_PRECOMPILE_PREFIX_HEADER = YES;
				GCC_PREFIX_HEADER = "PullToRefresh/PullToRefresh-Prefix.pch";
				INFOPLIST_FILE = "PullToRefresh/PullToRefresh-Info.plist";
				PRODUCT_NAME = "$(TARGET_NAME)";
				WRAPPER_EXTENSION = app;
			};
			name = Debug;
		};
		ABB20EEA155CF6F20076B496 /* Release */ = {
			isa = XCBuildConfiguration;
			buildSettings = {
				GCC_PRECOMPILE_PREFIX_HEADER = YES;
				GCC_PREFIX_HEADER = "PullToRefresh/PullToRefresh-Prefix.pch";
				INFOPLIST_FILE = "PullToRefresh/PullToRefresh-Info.plist";
				PRODUCT_NAME = "$(TARGET_NAME)";
				WRAPPER_EXTENSION = app;
			};
			name = Release;
		};
/* End XCBuildConfiguration section */

/* Begin XCConfigurationList section */
		ABB20EB0155CF6F20076B496 /* Build configuration list for PBXProject "PullToRefresh" */ = {
			isa = XCConfigurationList;
			buildConfigurations = (
				ABB20EE6155CF6F20076B496 /* Debug */,
				ABB20EE7155CF6F20076B496 /* Release */,
			);
			defaultConfigurationIsVisible = 0;
			defaultConfigurationName = Release;
		};
		ABB20EE8155CF6F20076B496 /* Build configuration list for PBXNativeTarget "PullToRefresh" */ = {
			isa = XCConfigurationList;
			buildConfigurations = (
				ABB20EE9155CF6F20076B496 /* Debug */,
				ABB20EEA155CF6F20076B496 /* Release */,
			);
			defaultConfigurationIsVisible = 0;
			defaultConfigurationName = Release;
		};
/* End XCConfigurationList section */
	};
	rootObject = ABB20EAD155CF6F20076B496 /* Project object */;
}
